
Microsoft Visual Studio Solution File, Format Version 12.00
# Visual Studio 14
VisualStudioVersion = 14.0.22823.1
MinimumVisualStudioVersion = 10.0.40219.1
Project("{FAE04EC0-301F-11D3-BF4B-00C04F79EFBC}") = "SumАndAverage", "SumАndAverage\SumАndAverage.csproj", "{2B5B3513-51AD-48FF-BFDA-4617C3D86E0C}"
EndProject
Project("{FAE04EC0-301F-11D3-BF4B-00C04F79EFBC}") = "SortWords", "SortWords\SortWords.csproj", "{B7BD5A77-A5D4-4ECF-B37E-867A55816BFB}"
EndProject
Project("{FAE04EC0-301F-11D3-BF4B-00C04F79EFBC}") = "LongestSubsequence", "LongestSubsequence\LongestSubsequence.csproj", "{86B4FA60-9E26-4CA6-B681-F141950A7D36}"
EndProject
Project("{FAE04EC0-301F-11D3-BF4B-00C04F79EFBC}") = "RemoveOddOccurences", "RemoveOddOccurences\RemoveOddOccurences.csproj", "{B85652C9-3410-471E-9354-97ACDE4C95B9}"
EndProject
Project("{FAE04EC0-301F-11D3-BF4B-00C04F79EFBC}") = "CountOfOccurences", "CountOfOccurences\CountOfOccurences.csproj", "{3844D84F-37EA-4299-A02E-67B4FAF945AF}"
EndProject
Project("{FAE04EC0-301F-11D3-BF4B-00C04F79EFBC}") = "ImplementDataStructure", "ImplementDataStructure\ImplementDataStructure.csproj", "{CAAF017B-EBE9-4C53-B4D9-760E2BD48795}"
EndProject
Project("{FAE04EC0-301F-11D3-BF4B-00C04F79EFBC}") = "ImplementLinkedList", "ImplementLinkedList\ImplementLinkedList.csproj", "{3A348D29-2E58-4C37-8718-AF5213F1DE8D}"
EndProject
Global
	GlobalSection(SolutionConfigurationPlatforms) = preSolution
		Debug|Any CPU = Debug|Any CPU
		Release|Any CPU = Release|Any CPU
	EndGlobalSection
	GlobalSection(ProjectConfigurationPlatforms) = postSolution
		{2B5B3513-51AD-48FF-BFDA-4617C3D86E0C}.Debug|Any CPU.ActiveCfg = Debug|Any CPU
		{2B5B3513-51AD-48FF-BFDA-4617C3D86E0C}.Debug|Any CPU.Build.0 = Debug|Any CPU
		{2B5B3513-51AD-48FF-BFDA-4617C3D86E0C}.Release|Any CPU.ActiveCfg = Release|Any CPU
		{2B5B3513-51AD-48FF-BFDA-4617C3D86E0C}.Release|Any CPU.Build.0 = Release|Any CPU
		{B7BD5A77-A5D4-4ECF-B37E-867A55816BFB}.Debug|Any CPU.ActiveCfg = Debug|Any CPU
		{B7BD5A77-A5D4-4ECF-B37E-867A55816BFB}.Debug|Any CPU.Build.0 = Debug|Any CPU
		{B7BD5A77-A5D4-4ECF-B37E-867A55816BFB}.Release|Any CPU.ActiveCfg = Release|Any CPU
		{B7BD5A77-A5D4-4ECF-B37E-867A55816BFB}.Release|Any CPU.Build.0 = Release|Any CPU
		{86B4FA60-9E26-4CA6-B681-F141950A7D36}.Debug|Any CPU.ActiveCfg = Debug|Any CPU
		{86B4FA60-9E26-4CA6-B681-F141950A7D36}.Debug|Any CPU.Build.0 = Debug|Any CPU
		{86B4FA60-9E26-4CA6-B681-F141950A7D36}.Release|Any CPU.ActiveCfg = Release|Any CPU
		{86B4FA60-9E26-4CA6-B681-F141950A7D36}.Release|Any CPU.Build.0 = Release|Any CPU
		{B85652C9-3410-471E-9354-97ACDE4C95B9}.Debug|Any CPU.ActiveCfg = Debug|Any CPU
		{B85652C9-3410-471E-9354-97ACDE4C95B9}.Debug|Any CPU.Build.0 = Debug|Any CPU
		{B85652C9-3410-471E-9354-97ACDE4C95B9}.Release|Any CPU.ActiveCfg = Release|Any CPU
		{B85652C9-3410-471E-9354-97ACDE4C95B9}.Release|Any CPU.Build.0 = Release|Any CPU
		{3844D84F-37EA-4299-A02E-67B4FAF945AF}.Debug|Any CPU.ActiveCfg = Debug|Any CPU
		{3844D84F-37EA-4299-A02E-67B4FAF945AF}.Debug|Any CPU.Build.0 = Debug|Any CPU
		{3844D84F-37EA-4299-A02E-67B4FAF945AF}.Release|Any CPU.ActiveCfg = Release|Any CPU
		{3844D84F-37EA-4299-A02E-67B4FAF945AF}.Release|Any CPU.Build.0 = Release|Any CPU
		{CAAF017B-EBE9-4C53-B4D9-760E2BD48795}.Debug|Any CPU.ActiveCfg = Debug|Any CPU
		{CAAF017B-EBE9-4C53-B4D9-760E2BD48795}.Debug|Any CPU.Build.0 = Debug|Any CPU
		{CAAF017B-EBE9-4C53-B4D9-760E2BD48795}.Release|Any CPU.ActiveCfg = Release|Any CPU
		{CAAF017B-EBE9-4C53-B4D9-760E2BD48795}.Release|Any CPU.Build.0 = Release|Any CPU
		{3A348D29-2E58-4C37-8718-AF5213F1DE8D}.Debug|Any CPU.ActiveCfg = Debug|Any CPU
		{3A348D29-2E58-4C37-8718-AF5213F1DE8D}.Debug|Any CPU.Build.0 = Debug|Any CPU
		{3A348D29-2E58-4C37-8718-AF5213F1DE8D}.Release|Any CPU.ActiveCfg = Release|Any CPU
		{3A348D29-2E58-4C37-8718-AF5213F1DE8D}.Release|Any CPU.Build.0 = Release|Any CPU
	EndGlobalSection
	GlobalSection(SolutionProperties) = preSolution
		HideSolutionNode = FALSE
	EndGlobalSection
EndGlobal
